{
  "name": "@tvald/meta-framework",
  "version": "1.0.0",
  "lockfileVersion": 3,
  "requires": true,
  "packages": {
    "": {
      "name": "@tvald/meta-framework",
      "version": "1.0.0",
      "license": "UNLICENSED",
      "bin": {
        "meta-framework": "bin/meta-framework.mjs"
      },
      "engines": {
        "node": ">=22",
        "npm": ">=10"
      }
    }
  }
}
